// !$*UTF8*$!
{
	archiveVersion = 1;
	classes = {
	};
	objectVersion = 50;
	objects = {

/* Begin PBXBuildFile section */
		3804375D221C983A00DE7159 /* AppDelegate.swift in Sources */ = {isa = PBXBuildFile; fileRef = 3804375C221C983A00DE7159 /* AppDelegate.swift */; };
		3804375F221C983A00DE7159 /* ViewController.swift in Sources */ = {isa = PBXBuildFile; fileRef = 3804375E221C983A00DE7159 /* ViewController.swift */; };
		38043762221C983A00DE7159 /* Main.storyboard in Resources */ = {isa = PBXBuildFile; fileRef = 38043760221C983A00DE7159 /* Main.storyboard */; };
		38043764221C983B00DE7159 /* Assets.xcassets in Resources */ = {isa = PBXBuildFile; fileRef = 38043763221C983B00DE7159 /* Assets.xcassets */; };
		38043767221C983B00DE7159 /* LaunchScreen.storyboard in Resources */ = {isa = PBXBuildFile; fileRef = 38043765221C983B00DE7159 /* LaunchScreen.storyboard */; };
		38043772221C983B00DE7159 /* protocolsTests.swift in Sources */ = {isa = PBXBuildFile; fileRef = 38043771221C983B00DE7159 /* protocolsTests.swift */; };
		3804377D221C983B00DE7159 /* protocolsUITests.swift in Sources */ = {isa = PBXBuildFile; fileRef = 3804377C221C983B00DE7159 /* protocolsUITests.swift */; };
		3804378B221C98FE00DE7159 /* example.swift in Sources */ = {isa = PBXBuildFile; fileRef = 3804378A221C98FE00DE7159 /* example.swift */; };
/* End PBXBuildFile section */

/* Begin PBXContainerItemProxy section */
		3804376E221C983B00DE7159 /* PBXContainerItemProxy */ = {
			isa = PBXContainerItemProxy;
			containerPortal = 38043751221C983A00DE7159 /* Project object */;
			proxyType = 1;
			remoteGlobalIDString = 38043758221C983A00DE7159;
			remoteInfo = protocols;
		};
		38043779221C983B00DE7159 /* PBXContainerItemProxy */ = {
			isa = PBXContainerItemProxy;
			containerPortal = 38043751221C983A00DE7159 /* Project object */;
			proxyType = 1;
			remoteGlobalIDString = 38043758221C983A00DE7159;
			remoteInfo = protocols;
		};
/* End PBXContainerItemProxy section */

/* Begin PBXFileReference section */
		38043759221C983A00DE7159 /* protocols.app */ = {isa = PBXFileReference; explicitFileType = wrapper.application; includeInIndex = 0; path = protocols.app; sourceTree = BUILT_PRODUCTS_DIR; };
		3804375C221C983A00DE7159 /* AppDelegate.swift */ = {isa = PBXFileReference; lastKnownFileType = sourcecode.swift; path = AppDelegate.swift; sourceTree = "<group>"; };
		3804375E221C983A00DE7159 /* ViewController.swift */ = {isa = PBXFileReference; lastKnownFileType = sourcecode.swift; path = ViewController.swift; sourceTree = "<group>"; };
		38043761221C983A00DE7159 /* Base */ = {isa = PBXFileReference; lastKnownFileType = file.storyboard; name = Base; path = Base.lproj/Main.storyboard; sourceTree = "<group>"; };
		38043763221C983B00DE7159 /* Assets.xcassets */ = {isa = PBXFileReference; lastKnownFileType = folder.assetcatalog; path = Assets.xcassets; sourceTree = "<group>"; };
		38043766221C983B00DE7159 /* Base */ = {isa = PBXFileReference; lastKnownFileType = file.storyboard; name = Base; path = Base.lproj/LaunchScreen.storyboard; sourceTree = "<group>"; };
		38043768221C983B00DE7159 /* Info.plist */ = {isa = PBXFileReference; lastKnownFileType = text.plist.xml; path = Info.plist; sourceTree = "<group>"; };
		3804376D221C983B00DE7159 /* protocolsTests.xctest */ = {isa = PBXFileReference; explicitFileType = wrapper.cfbundle; includeInIndex = 0; path = protocolsTests.xctest; sourceTree = BUILT_PRODUCTS_DIR; };
		38043771221C983B00DE7159 /* protocolsTests.swift */ = {isa = PBXFileReference; lastKnownFileType = sourcecode.swift; path = protocolsTests.swift; sourceTree = "<group>"; };
		38043773221C983B00DE7159 /* Info.plist */ = {isa = PBXFileReference; lastKnownFileType = text.plist.xml; path = Info.plist; sourceTree = "<group>"; };
		38043778221C983B00DE7159 /* protocolsUITests.xctest */ = {isa = PBXFileReference; explicitFileType = wrapper.cfbundle; includeInIndex = 0; path = protocolsUITests.xctest; sourceTree = BUILT_PRODUCTS_DIR; };
		3804377C221C983B00DE7159 /* protocolsUITests.swift */ = {isa = PBXFileReference; lastKnownFileType = sourcecode.swift; path = protocolsUITests.swift; sourceTree = "<group>"; };
		3804377E221C983B00DE7159 /* Info.plist */ = {isa = PBXFileReference; lastKnownFileType = text.plist.xml; path = Info.plist; sourceTree = "<group>"; };
		3804378A221C98FE00DE7159 /* example.swift */ = {isa = PBXFileReference; lastKnownFileType = sourcecode.swift; path = example.swift; sourceTree = "<group>"; };
/* End PBXFileReference section */

/* Begin PBXFrameworksBuildPhase section */
		38043756221C983A00DE7159 /* Frameworks */ = {
			isa = PBXFrameworksBuildPhase;
			buildActionMask = 2147483647;
			files = (
			);
			runOnlyForDeploymentPostprocessing = 0;
		};
		3804376A221C983B00DE7159 /* Frameworks */ = {
			isa = PBXFrameworksBuildPhase;
			buildActionMask = 2147483647;
			files = (
			);
			runOnlyForDeploymentPostprocessing = 0;
		};
		38043775221C983B00DE7159 /* Frameworks */ = {
			isa = PBXFrameworksBuildPhase;
			buildActionMask = 2147483647;
			files = (
			);
			runOnlyForDeploymentPostprocessing = 0;
		};
/* End PBXFrameworksBuildPhase section */

/* Begin PBXGroup section */
		38043750221C983A00DE7159 = {
			isa = PBXGroup;
			children = (
				3804375B221C983A00DE7159 /* protocols */,
				38043770221C983B00DE7159 /* protocolsTests */,
				3804377B221C983B00DE7159 /* protocolsUITests */,
				3804375A221C983A00DE7159 /* Products */,
			);
			sourceTree = "<group>";
		};
		3804375A221C983A00DE7159 /* Products */ = {
			isa = PBXGroup;
			children = (
				38043759221C983A00DE7159 /* protocols.app */,
				3804376D221C983B00DE7159 /* protocolsTests.xctest */,
				38043778221C983B00DE7159 /* protocolsUITests.xctest */,
			);
			name = Products;
			sourceTree = "<group>";
		};
		3804375B221C983A00DE7159 /* protocols */ = {
			isa = PBXGroup;
			children = (
				3804375C221C983A00DE7159 /* AppDelegate.swift */,
				3804375E221C983A00DE7159 /* ViewController.swift */,
				3804378A221C98FE00DE7159 /* example.swift */,
				38043760221C983A00DE7159 /* Main.storyboard */,
				38043763221C983B00DE7159 /* Assets.xcassets */,
				38043765221C983B00DE7159 /* LaunchScreen.storyboard */,
				38043768221C983B00DE7159 /* Info.plist */,
			);
			path = protocols;
			sourceTree = "<group>";
		};
		38043770221C983B00DE7159 /* protocolsTests */ = {
			isa = PBXGroup;
			children = (
				38043771221C983B00DE7159 /* protocolsTests.swift */,
				38043773221C983B00DE7159 /* Info.plist */,
			);
			path = protocolsTests;
			sourceTree = "<group>";
		};
		3804377B221C983B00DE7159 /* protocolsUITests */ = {
			isa = PBXGroup;
			children = (
				3804377C221C983B00DE7159 /* protocolsUITests.swift */,
				3804377E221C983B00DE7159 /* Info.plist */,
			);
			path = protocolsUITests;
			sourceTree = "<group>";
		};
/* End PBXGroup section */

/* Begin PBXNativeTarget section */
		38043758221C983A00DE7159 /* protocols */ = {
			isa = PBXNativeTarget;
			buildConfigurationList = 38043781221C983B00DE7159 /* Build configuration list for PBXNativeTarget "protocols" */;
			buildPhases = (
				38043755221C983A00DE7159 /* Sources */,
				38043756221C983A00DE7159 /* Frameworks */,
				38043757221C983A00DE7159 /* Resources */,
			);
			buildRules = (
			);
			dependencies = (
			);
			name = protocols;
			productName = protocols;
			productReference = 38043759221C983A00DE7159 /* protocols.app */;
			productType = "com.apple.product-type.application";
		};
		3804376C221C983B00DE7159 /* protocolsTests */ = {
			isa = PBXNativeTarget;
			buildConfigurationList = 38043784221C983B00DE7159 /* Build configuration list for PBXNativeTarget "protocolsTests" */;
			buildPhases = (
				38043769221C983B00DE7159 /* Sources */,
				3804376A221C983B00DE7159 /* Frameworks */,
				3804376B221C983B00DE7159 /* Resources */,
			);
			buildRules = (
			);
			dependencies = (
				3804376F221C983B00DE7159 /* PBXTargetDependency */,
			);
			name = protocolsTests;
			productName = protocolsTests;
			productReference = 3804376D221C983B00DE7159 /* protocolsTests.xctest */;
			productType = "com.apple.product-type.bundle.unit-test";
		};
		38043777221C983B00DE7159 /* protocolsUITests */ = {
			isa = PBXNativeTarget;
			buildConfigurationList = 38043787221C983B00DE7159 /* Build configuration list for PBXNativeTarget "protocolsUITests" */;
			buildPhases = (
				38043774221C983B00DE7159 /* Sources */,
				38043775221C983B00DE7159 /* Frameworks */,
				38043776221C983B00DE7159 /* Resources */,
			);
			buildRules = (
			);
			dependencies = (
				3804377A221C983B00DE7159 /* PBXTargetDependency */,
			);
			name = protocolsUITests;
			productName = protocolsUITests;
			productReference = 38043778221C983B00DE7159 /* protocolsUITests.xctest */;
			productType = "com.apple.product-type.bundle.ui-testing";
		};
/* End PBXNativeTarget section */

/* Begin PBXProject section */
		38043751221C983A00DE7159 /* Project object */ = {
			isa = PBXProject;
			attributes = {
				LastSwiftUpdateCheck = 1010;
				LastUpgradeCheck = 1010;
				ORGANIZATIONNAME = "Apple Developer Academy";
				TargetAttributes = {
					38043758221C983A00DE7159 = {
						CreatedOnToolsVersion = 10.1;
					};
					3804376C221C983B00DE7159 = {
						CreatedOnToolsVersion = 10.1;
						TestTargetID = 38043758221C983A00DE7159;
					};
					38043777221C983B00DE7159 = {
						CreatedOnToolsVersion = 10.1;
						TestTargetID = 38043758221C983A00DE7159;
					};
				};
			};
			buildConfigurationList = 38043754221C983A00DE7159 /* Build configuration list for PBXProject "protocols" */;
			compatibilityVersion = "Xcode 9.3";
			developmentRegion = en;
			hasScannedForEncodings = 0;
			knownRegions = (
				en,
				Base,
			);
			mainGroup = 38043750221C983A00DE7159;
			productRefGroup = 3804375A221C983A00DE7159 /* Products */;
			projectDirPath = "";
			projectRoot = "";
			targets = (
				38043758221C983A00DE7159 /* protocols */,
				3804376C221C983B00DE7159 /* protocolsTests */,
				38043777221C983B00DE7159 /* protocolsUITests */,
			);
		};
/* End PBXProject section */

/* Begin PBXResourcesBuildPhase section */
		38043757221C983A00DE7159 /* Resources */ = {
			isa = PBXResourcesBuildPhase;
			buildActionMask = 2147483647;
			files = (
				38043767221C983B00DE7159 /* LaunchScreen.storyboard in Resources */,
				38043764221C983B00DE7159 /* Assets.xcassets in Resources */,
				38043762221C983A00DE7159 /* Main.storyboard in Resources */,
			);
			runOnlyForDeploymentPostprocessing = 0;
		};
		3804376B221C983B00DE7159 /* Resources */ = {
			isa = PBXResourcesBuildPhase;
			buildActionMask = 2147483647;
			files = (
			);
			runOnlyForDeploymentPostprocessing = 0;
		};
		38043776221C983B00DE7159 /* Resources */ = {
			isa = PBXResourcesBuildPhase;
			buildActionMask = 2147483647;
			files = (
			);
			runOnlyForDeploymentPostprocessing = 0;
		};
/* End PBXResourcesBuildPhase section */

/* Begin PBXSourcesBuildPhase section */
		38043755221C983A00DE7159 /* Sources */ = {
			isa = PBXSourcesBuildPhase;
			buildActionMask = 2147483647;
			files = (
				3804378B221C98FE00DE7159 /* example.swift in Sources */,
				3804375F221C983A00DE7159 /* ViewController.swift in Sources */,
				3804375D221C983A00DE7159 /* AppDelegate.swift in Sources */,
			);
			runOnlyForDeploymentPostprocessing = 0;
		};
		38043769221C983B00DE7159 /* Sources */ = {
			isa = PBXSourcesBuildPhase;
			buildActionMask = 2147483647;
			files = (
				38043772221C983B00DE7159 /* protocolsTests.swift in Sources */,
			);
			runOnlyForDeploymentPostprocessing = 0;
		};
		38043774221C983B00DE7159 /* Sources */ = {
			isa = PBXSourcesBuildPhase;
			buildActionMask = 2147483647;
			files = (
				3804377D221C983B00DE7159 /* protocolsUITests.swift in Sources */,
			);
			runOnlyForDeploymentPostprocessing = 0;
		};
/* End PBXSourcesBuildPhase section */

/* Begin PBXTargetDependency section */
		3804376F221C983B00DE7159 /* PBXTargetDependency */ = {
			isa = PBXTargetDependency;
			target = 38043758221C983A00DE7159 /* protocols */;
			targetProxy = 3804376E221C983B00DE7159 /* PBXContainerItemProxy */;
		};
		3804377A221C983B00DE7159 /* PBXTargetDependency */ = {
			isa = PBXTargetDependency;
			target = 38043758221C983A00DE7159 /* protocols */;
			targetProxy = 38043779221C983B00DE7159 /* PBXContainerItemProxy */;
		};
/* End PBXTargetDependency section */

/* Begin PBXVariantGroup section */
		38043760221C983A00DE7159 /* Main.storyboard */ = {
			isa = PBXVariantGroup;
			children = (
				38043761221C983A00DE7159 /* Base */,
			);
			name = Main.storyboard;
			sourceTree = "<group>";
		};
		38043765221C983B00DE7159 /* LaunchScreen.storyboard */ = {
			isa = PBXVariantGroup;
			children = (
				38043766221C983B00DE7159 /* Base */,
			);
			name = LaunchScreen.storyboard;
			sourceTree = "<group>";
		};
/* End PBXVariantGroup section */

/* Begin XCBuildConfiguration section */
		3804377F221C983B00DE7159 /* Debug */ = {
			isa = XCBuildConfiguration;
			buildSettings = {
				ALWAYS_SEARCH_USER_PATHS = NO;
				CLANG_ANALYZER_NONNULL = YES;
				CLANG_ANALYZER_NUMBER_OBJECT_CONVERSION = YES_AGGRESSIVE;
				CLANG_CXX_LANGUAGE_STANDARD = "gnu++14";
				CLANG_CXX_LIBRARY = "libc++";
				CLANG_ENABLE_MODULES = YES;
				CLANG_ENABLE_OBJC_ARC = YES;
				CLANG_ENABLE_OBJC_WEAK = YES;
				CLANG_WARN_BLOCK_CAPTURE_AUTORELEASING = YES;
				CLANG_WARN_BOOL_CONVERSION = YES;
				CLANG_WARN_COMMA = YES;
				CLANG_WARN_CONSTANT_CONVERSION = YES;
				CLANG_WARN_DEPRECATED_OBJC_IMPLEMENTATIONS = YES;
				CLANG_WARN_DIRECT_OBJC_ISA_USAGE = YES_ERROR;
				CLANG_WARN_DOCUMENTATION_COMMENTS = YES;
				CLANG_WARN_EMPTY_BODY = YES;
				CLANG_WARN_ENUM_CONVERSION = YES;
				CLANG_WARN_INFINITE_RECURSION = YES;
				CLANG_WARN_INT_CONVERSION = YES;
				CLANG_WARN_NON_LITERAL_NULL_CONVERSION = YES;
				CLANG_WARN_OBJC_IMPLICIT_RETAIN_SELF = YES;
				CLANG_WARN_OBJC_LITERAL_CONVERSION = YES;
				CLANG_WARN_OBJC_ROOT_CLASS = YES_ERROR;
				CLANG_WARN_RANGE_LOOP_ANALYSIS = YES;
				CLANG_WARN_STRICT_PROTOTYPES = YES;
				CLANG_WARN_SUSPICIOUS_MOVE = YES;
				CLANG_WARN_UNGUARDED_AVAILABILITY = YES_AGGRESSIVE;
				CLANG_WARN_UNREACHABLE_CODE = YES;
				CLANG_WARN__DUPLICATE_METHOD_MATCH = YES;
				CODE_SIGN_IDENTITY = "iPhone Developer";
				COPY_PHASE_STRIP = NO;
				DEBUG_INFORMATION_FORMAT = dwarf;
				ENABLE_STRICT_OBJC_MSGSEND = YES;
				ENABLE_TESTABILITY = YES;
				GCC_C_LANGUAGE_STANDARD = gnu11;
				GCC_DYNAMIC_NO_PIC = NO;
				GCC_NO_COMMON_BLOCKS = YES;
				GCC_OPTIMIZATION_LEVEL = 0;
				GCC_PREPROCESSOR_DEFINITIONS = (
					"DEBUG=1",
					"$(inherited)",
				);
				GCC_WARN_64_TO_32_BIT_CONVERSION = YES;
				GCC_WARN_ABOUT_RETURN_TYPE = YES_ERROR;
				GCC_WARN_UNDECLARED_SELECTOR = YES;
				GCC_WARN_UNINITIALIZED_AUTOS = YES_AGGRESSIVE;
				GCC_WARN_UNUSED_FUNCTION = YES;
				GCC_WARN_UNUSED_VARIABLE = YES;
				IPHONEOS_DEPLOYMENT_TARGET = 12.1;
				MTL_ENABLE_DEBUG_INFO = INCLUDE_SOURCE;
				MTL_FAST_MATH = YES;
				ONLY_ACTIVE_ARCH = YES;
				SDKROOT = iphoneos;
				SWIFT_ACTIVE_COMPILATION_CONDITIONS = DEBUG;
				SWIFT_OPTIMIZATION_LEVEL = "-Onone";
			};
			name = Debug;
		};
		38043780221C983B00DE7159 /* Release */ = {
			isa = XCBuildConfiguration;
			buildSettings = {
				ALWAYS_SEARCH_USER_PATHS = NO;
				CLANG_ANALYZER_NONNULL = YES;
				CLANG_ANALYZER_NUMBER_OBJECT_CONVERSION = YES_AGGRESSIVE;
				CLANG_CXX_LANGUAGE_STANDARD = "gnu++14";
				CLANG_CXX_LIBRARY = "libc++";
				CLANG_ENABLE_MODULES = YES;
				CLANG_ENABLE_OBJC_ARC = YES;
				CLANG_ENABLE_OBJC_WEAK = YES;
				CLANG_WARN_BLOCK_CAPTURE_AUTORELEASING = YES;
				CLANG_WARN_BOOL_CONVERSION = YES;
				CLANG_WARN_COMMA = YES;
				CLANG_WARN_CONSTANT_CONVERSION = YES;
				CLANG_WARN_DEPRECATED_OBJC_IMPLEMENTATIONS = YES;
				CLANG_WARN_DIRECT_OBJC_ISA_USAGE = YES_ERROR;
				CLANG_WARN_DOCUMENTATION_COMMENTS = YES;
				CLANG_WARN_EMPTY_BODY = YES;
				CLANG_WARN_ENUM_CONVERSION = YES;
				CLANG_WARN_INFINITE_RECURSION = YES;
				CLANG_WARN_INT_CONVERSION = YES;
				CLANG_WARN_NON_LITERAL_NULL_CONVERSION = YES;
				CLANG_WARN_OBJC_IMPLICIT_RETAIN_SELF = YES;
				CLANG_WARN_OBJC_LITERAL_CONVERSION = YES;
				CLANG_WARN_OBJC_ROOT_CLASS = YES_ERROR;
				CLANG_WARN_RANGE_LOOP_ANALYSIS = YES;
				CLANG_WARN_STRICT_PROTOTYPES = YES;
				CLANG_WARN_SUSPICIOUS_MOVE = YES;
				CLANG_WARN_UNGUARDED_AVAILABILITY = YES_AGGRESSIVE;
				CLANG_WARN_UNREACHABLE_CODE = YES;
				CLANG_WARN__DUPLICATE_METHOD_MATCH = YES;
				CODE_SIGN_IDENTITY = "iPhone Developer";
				COPY_PHASE_STRIP = NO;
				DEBUG_INFORMATION_FORMAT = "dwarf-with-dsym";
				ENABLE_NS_ASSERTIONS = NO;
				ENABLE_STRICT_OBJC_MSGSEND = YES;
				GCC_C_LANGUAGE_STANDARD = gnu11;
				GCC_NO_COMMON_BLOCKS = YES;
				GCC_WARN_64_TO_32_BIT_CONVERSION = YES;
				GCC_WARN_ABOUT_RETURN_TYPE = YES_ERROR;
				GCC_WARN_UNDECLARED_SELECTOR = YES;
				GCC_WARN_UNINITIALIZED_AUTOS = YES_AGGRESSIVE;
				GCC_WARN_UNUSED_FUNCTION = YES;
				GCC_WARN_UNUSED_VARIABLE = YES;
				IPHONEOS_DEPLOYMENT_TARGET = 12.1;
				MTL_ENABLE_DEBUG_INFO = NO;
				MTL_FAST_MATH = YES;
				SDKROOT = iphoneos;
				SWIFT_COMPILATION_MODE = wholemodule;
				SWIFT_OPTIMIZATION_LEVEL = "-O";
				VALIDATE_PRODUCT = YES;
			};
			name = Release;
		};
		38043782221C983B00DE7159 /* Debug */ = {
			isa = XCBuildConfiguration;
			buildSettings = {
				ASSETCATALOG_COMPILER_APPICON_NAME = AppIcon;
				CODE_SIGN_STYLE = Automatic;
				DEVELOPMENT_TEAM = SNKGQ9S9S3;
				INFOPLIST_FILE = protocols/Info.plist;
				LD_RUNPATH_SEARCH_PATHS = (
					"$(inherited)",
					"@executable_path/Frameworks",
				);
				PRODUCT_BUNDLE_IDENTIFIER = "Apple-Developer-Academy.protocols";
				PRODUCT_NAME = "$(TARGET_NAME)";
				SWIFT_VERSION = 4.2;
				TARGETED_DEVICE_FAMILY = "1,2";
			};
			name = Debug;
		};
		38043783221C983B00DE7159 /* Release */ = {
			isa = XCBuildConfiguration;
			buildSettings = {
				ASSETCATALOG_COMPILER_APPICON_NAME = AppIcon;
				CODE_SIGN_STYLE = Automatic;
				DEVELOPMENT_TEAM = SNKGQ9S9S3;
				INFOPLIST_FILE = protocols/Info.plist;
				LD_RUNPATH_SEARCH_PATHS = (
					"$(inherited)",
					"@executable_path/Frameworks",
				);
				PRODUCT_BUNDLE_IDENTIFIER = "Apple-Developer-Academy.protocols";
				PRODUCT_NAME = "$(TARGET_NAME)";
				SWIFT_VERSION = 4.2;
				TARGETED_DEVICE_FAMILY = "1,2";
			};
			name = Release;
		};
		38043785221C983B00DE7159 /* Debug */ = {
			isa = XCBuildConfiguration;
			buildSettings = {
				ALWAYS_EMBED_SWIFT_STANDARD_LIBRARIES = YES;
				BUNDLE_LOADER = "$(TEST_HOST)";
				CODE_SIGN_STYLE = Automatic;
				DEVELOPMENT_TEAM = SNKGQ9S9S3;
				INFOPLIST_FILE = protocolsTests/Info.plist;
				LD_RUNPATH_SEARCH_PATHS = (
					"$(inherited)",
					"@executable_path/Frameworks",
					"@loader_path/Frameworks",
				);
				PRODUCT_BUNDLE_IDENTIFIER = "Apple-Developer-Academy.protocolsTests";
				PRODUCT_NAME = "$(TARGET_NAME)";
				SWIFT_VERSION = 4.2;
				TARGETED_DEVICE_FAMILY = "1,2";
				TEST_HOST = "$(BUILT_PRODUCTS_DIR)/protocols.app/protocols";
			};
			name = Debug;
		};
		38043786221C983B00DE7159 /* Release */ = {
			isa = XCBuildConfiguration;
			buildSettings = {
				ALWAYS_EMBED_SWIFT_STANDARD_LIBRARIES = YES;
				BUNDLE_LOADER = "$(TEST_HOST)";
				CODE_SIGN_STYLE = Automatic;
				DEVELOPMENT_TEAM = SNKGQ9S9S3;
				INFOPLIST_FILE = protocolsTests/Info.plist;
				LD_RUNPATH_SEARCH_PATHS = (
					"$(inherited)",
					"@executable_path/Frameworks",
					"@loader_path/Frameworks",
				);
				PRODUCT_BUNDLE_IDENTIFIER = "Apple-Developer-Academy.protocolsTests";
				PRODUCT_NAME = "$(TARGET_NAME)";
				SWIFT_VERSION = 4.2;
				TARGETED_DEVICE_FAMILY = "1,2";
				TEST_HOST = "$(BUILT_PRODUCTS_DIR)/protocols.app/protocols";
			};
			name = Release;
		};
		38043788221C983B00DE7159 /* Debug */ = {
			isa = XCBuildConfiguration;
			buildSettings = {
				ALWAYS_EMBED_SWIFT_STANDARD_LIBRARIES = YES;
				CODE_SIGN_STYLE = Automatic;
				DEVELOPMENT_TEAM = SNKGQ9S9S3;
				INFOPLIST_FILE = protocolsUITests/Info.plist;
				LD_RUNPATH_SEARCH_PATHS = (
					"$(inherited)",
					"@executable_path/Frameworks",
					"@loader_path/Frameworks",
				);
				PRODUCT_BUNDLE_IDENTIFIER = "Apple-Developer-Academy.protocolsUITests";
				PRODUCT_NAME = "$(TARGET_NAME)";
				SWIFT_VERSION = 4.2;
				TARGETED_DEVICE_FAMILY = "1,2";
				TEST_TARGET_NAME = protocols;
			};
			name = Debug;
		};
		38043789221C983B00DE7159 /* Release */ = {
			isa = XCBuildConfiguration;
			buildSettings = {
				ALWAYS_EMBED_SWIFT_STANDARD_LIBRARIES = YES;
				CODE_SIGN_STYLE = Automatic;
				DEVELOPMENT_TEAM = SNKGQ9S9S3;
				INFOPLIST_FILE = protocolsUITests/Info.plist;
				LD_RUNPATH_SEARCH_PATHS = (
					"$(inherited)",
					"@executable_path/Frameworks",
					"@loader_path/Frameworks",
				);
				PRODUCT_BUNDLE_IDENTIFIER = "Apple-Developer-Academy.protocolsUITests";
				PRODUCT_NAME = "$(TARGET_NAME)";
				SWIFT_VERSION = 4.2;
				TARGETED_DEVICE_FAMILY = "1,2";
				TEST_TARGET_NAME = protocols;
			};
			name = Release;
		};
/* End XCBuildConfiguration section */

/* Begin XCConfigurationList section */
		38043754221C983A00DE7159 /* Build configuration list for PBXProject "protocols" */ = {
			isa = XCConfigurationList;
			buildConfigurations = (
				3804377F221C983B00DE7159 /* Debug */,
				38043780221C983B00DE7159 /* Release */,
			);
			defaultConfigurationIsVisible = 0;
			defaultConfigurationName = Release;
		};
		38043781221C983B00DE7159 /* Build configuration list for PBXNativeTarget "protocols" */ = {
			isa = XCConfigurationList;
			buildConfigurations = (
				38043782221C983B00DE7159 /* Debug */,
				38043783221C983B00DE7159 /* Release */,
			);
			defaultConfigurationIsVisible = 0;
			defaultConfigurationName = Release;
		};
		38043784221C983B00DE7159 /* Build configuration list for PBXNativeTarget "protocolsTests" */ = {
			isa = XCConfigurationList;
			buildConfigurations = (
				38043785221C983B00DE7159 /* Debug */,
				38043786221C983B00DE7159 /* Release */,
			);
			defaultConfigurationIsVisible = 0;
			defaultConfigurationName = Release;
		};
		38043787221C983B00DE7159 /* Build configuration list for PBXNativeTarget "protocolsUITests" */ = {
			isa = XCConfigurationList;
			buildConfigurations = (
				38043788221C983B00DE7159 /* Debug */,
				38043789221C983B00DE7159 /* Release */,
			);
			defaultConfigurationIsVisible = 0;
			defaultConfigurationName = Release;
		};
/* End XCConfigurationList section */
	};
	rootObject = 38043751221C983A00DE7159 /* Project object */;
}
